
Microsoft Visual Studio Solution File, Format Version 12.00
# Visual Studio 15
VisualStudioVersion = 15.0.33403.129
MinimumVisualStudioVersion = 10.0.40219.1
Project("{9A19103F-16F7-4668-BE54-9A1E7A4F7556}") = "BatchRenamePro", "Renamebulkpics\BatchRenamePro.csproj", "{BA57C48D-EA78-4CB4-BA46-57C2F3AFB86B}"
EndProject
Global
	GlobalSection(SolutionConfigurationPlatforms) = preSolution
		Debug|Any CPU = Debug|Any CPU
		Release|Any CPU = Release|Any CPU
	EndGlobalSection
	GlobalSection(ProjectConfigurationPlatforms) = postSolution
		{BA57C48D-EA78-4CB4-BA46-57C2F3AFB86B}.Debug|Any CPU.ActiveCfg = Debug|Any CPU
		{BA57C48D-EA78-4CB4-BA46-57C2F3AFB86B}.Debug|Any CPU.Build.0 = Debug|Any CPU
		{BA57C48D-EA78-4CB4-BA46-57C2F3AFB86B}.Release|Any CPU.ActiveCfg = Release|Any CPU
		{BA57C48D-EA78-4CB4-BA46-57C2F3AFB86B}.Release|Any CPU.Build.0 = Release|Any CPU
	EndGlobalSection
	GlobalSection(SolutionProperties) = preSolution
		HideSolutionNode = FALSE
	EndGlobalSection
	GlobalSection(ExtensibilityGlobals) = postSolution
		SolutionGuid = {C9CFE5B7-8374-49DB-AAD4-110846E43EA3}
	EndGlobalSection
EndGlobal
